
Microsoft Visual Studio Solution File, Format Version 11.00
# Visual C++ Express 2010
Project("{8BC9CEB8-8B4A-11D0-8D11-00A0C91BC942}") = "Book_Management", "Book_Management\Book_Management.vcxproj", "{FC57F7A2-2E02-44A6-AA79-6F3F1B5FC6A6}"
EndProject
Global
	GlobalSection(SolutionConfigurationPlatforms) = preSolution
		Debug|Win32 = Debug|Win32
		Release|Win32 = Release|Win32
	EndGlobalSection
	GlobalSection(ProjectConfigurationPlatforms) = postSolution
		{FC57F7A2-2E02-44A6-AA79-6F3F1B5FC6A6}.Debug|Win32.ActiveCfg = Debug|Win32
		{FC57F7A2-2E02-44A6-AA79-6F3F1B5FC6A6}.Debug|Win32.Build.0 = Debug|Win32
		{FC57F7A2-2E02-44A6-AA79-6F3F1B5FC6A6}.Release|Win32.ActiveCfg = Release|Win32
		{FC57F7A2-2E02-44A6-AA79-6F3F1B5FC6A6}.Release|Win32.Build.0 = Release|Win32
	EndGlobalSection
	GlobalSection(SolutionProperties) = preSolution
		HideSolutionNode = FALSE
	EndGlobalSection
EndGlobal
